
Microsoft Visual Studio Solution File, Format Version 12.00
# Visual Studio 15
VisualStudioVersion = 15.0.27130.2036
MinimumVisualStudioVersion = 10.0.40219.1
Project("{FAE04EC0-301F-11D3-BF4B-00C04F79EFBC}") = "Gadget Store Management System", "Gadget Store Management System.csproj", "{21D3A322-A335-42AA-ADE8-87A4D4C21C21}"
EndProject
Global
	GlobalSection(SolutionConfigurationPlatforms) = preSolution
		Debug|Any CPU = Debug|Any CPU
		Release|Any CPU = Release|Any CPU
	EndGlobalSection
	GlobalSection(ProjectConfigurationPlatforms) = postSolution
		{21D3A322-A335-42AA-ADE8-87A4D4C21C21}.Debug|Any CPU.ActiveCfg = Debug|Any CPU
		{21D3A322-A335-42AA-ADE8-87A4D4C21C21}.Debug|Any CPU.Build.0 = Debug|Any CPU
		{21D3A322-A335-42AA-ADE8-87A4D4C21C21}.Release|Any CPU.ActiveCfg = Release|Any CPU
		{21D3A322-A335-42AA-ADE8-87A4D4C21C21}.Release|Any CPU.Build.0 = Release|Any CPU
	EndGlobalSection
	GlobalSection(SolutionProperties) = preSolution
		HideSolutionNode = FALSE
	EndGlobalSection
	GlobalSection(ExtensibilityGlobals) = postSolution
		SolutionGuid = {25C5558C-84D5-4EBE-BCC8-577C7C2EA2C7}
	EndGlobalSection
EndGlobal
